{
  "name": "@trigo/trigo-scripts",
  "version": "1.0.0",
  "lockfileVersion": 1,
  "requires": true,
  "dependencies": {
    "eslint-config-trigo": {
      "version": "6.2.7",
      "resolved": "https://registry.npmjs.org/eslint-config-trigo/-/eslint-config-trigo-6.2.7.tgz",
      "integrity": "sha512-EBQHrT8N2l5N0OoKQAtvtnvPU+v2omYgsujvTOYdulXn/ZA9HV23nWO0OgVr/G2Ex4a3HVoanFaDz2zXdwprIQ==",
      "dev": true
    }
  }
}
